// !$*UTF8*$!
{
	archiveVersion = 1;
	classes = {
	};
	objectVersion = 56;
	objects = {

/* Begin PBXBuildFile section */
		9A0D919A2BF56FC3001DD8DB /* JokesApp.swift in Sources */ = {isa = PBXBuildFile; fileRef = 9A0D91992BF56FC3001DD8DB /* JokesApp.swift */; };
		9A0D919C2BF56FC3001DD8DB /* ContentView.swift in Sources */ = {isa = PBXBuildFile; fileRef = 9A0D919B2BF56FC3001DD8DB /* ContentView.swift */; };
		9A0D919E2BF56FC5001DD8DB /* Assets.xcassets in Resources */ = {isa = PBXBuildFile; fileRef = 9A0D919D2BF56FC5001DD8DB /* Assets.xcassets */; };
		9A0D91A12BF56FC5001DD8DB /* Preview Assets.xcassets in Resources */ = {isa = PBXBuildFile; fileRef = 9A0D91A02BF56FC5001DD8DB /* Preview Assets.xcassets */; };
		9A0D91C52BF57398001DD8DB /* Joke.swift in Sources */ = {isa = PBXBuildFile; fileRef = 9A0D91C42BF57398001DD8DB /* Joke.swift */; };
		9A0D91C72BF574FA001DD8DB /* JokeViewModel.swift in Sources */ = {isa = PBXBuildFile; fileRef = 9A0D91C62BF574FA001DD8DB /* JokeViewModel.swift */; };
		9AF781E92D17900F00E9AEAB /* FavoritesView.swift in Sources */ = {isa = PBXBuildFile; fileRef = 9AF781E82D17900800E9AEAB /* FavoritesView.swift */; };
/* End PBXBuildFile section */

/* Begin PBXContainerItemProxy section */
		9A0D91A72BF56FC6001DD8DB /* PBXContainerItemProxy */ = {
			isa = PBXContainerItemProxy;
			containerPortal = 9A0D918E2BF56FC3001DD8DB /* Project object */;
			proxyType = 1;
			remoteGlobalIDString = 9A0D91952BF56FC3001DD8DB;
			remoteInfo = Jokes;
		};
		9A0D91B12BF56FC6001DD8DB /* PBXContainerItemProxy */ = {
			isa = PBXContainerItemProxy;
			containerPortal = 9A0D918E2BF56FC3001DD8DB /* Project object */;
			proxyType = 1;
			remoteGlobalIDString = 9A0D91952BF56FC3001DD8DB;
			remoteInfo = Jokes;
		};
/* End PBXContainerItemProxy section */

/* Begin PBXFileReference section */
		9A0D91962BF56FC3001DD8DB /* Jokes.app */ = {isa = PBXFileReference; explicitFileType = wrapper.application; includeInIndex = 0; path = Jokes.app; sourceTree = BUILT_PRODUCTS_DIR; };
		9A0D91992BF56FC3001DD8DB /* JokesApp.swift */ = {isa = PBXFileReference; lastKnownFileType = sourcecode.swift; path = JokesApp.swift; sourceTree = "<group>"; };
		9A0D919B2BF56FC3001DD8DB /* ContentView.swift */ = {isa = PBXFileReference; lastKnownFileType = sourcecode.swift; path = ContentView.swift; sourceTree = "<group>"; };
		9A0D919D2BF56FC5001DD8DB /* Assets.xcassets */ = {isa = PBXFileReference; lastKnownFileType = folder.assetcatalog; path = Assets.xcassets; sourceTree = "<group>"; };
		9A0D91A02BF56FC5001DD8DB /* Preview Assets.xcassets */ = {isa = PBXFileReference; lastKnownFileType = folder.assetcatalog; path = "Preview Assets.xcassets"; sourceTree = "<group>"; };
		9A0D91A62BF56FC6001DD8DB /* JokesTests.xctest */ = {isa = PBXFileReference; explicitFileType = wrapper.cfbundle; includeInIndex = 0; path = JokesTests.xctest; sourceTree = BUILT_PRODUCTS_DIR; };
		9A0D91B02BF56FC6001DD8DB /* JokesUITests.xctest */ = {isa = PBXFileReference; explicitFileType = wrapper.cfbundle; includeInIndex = 0; path = JokesUITests.xctest; sourceTree = BUILT_PRODUCTS_DIR; };
		9A0D91C32BF5701E001DD8DB /* Info.plist */ = {isa = PBXFileReference; lastKnownFileType = text.plist; path = Info.plist; sourceTree = "<group>"; };
		9A0D91C42BF57398001DD8DB /* Joke.swift */ = {isa = PBXFileReference; lastKnownFileType = sourcecode.swift; path = Joke.swift; sourceTree = "<group>"; };
		9A0D91C62BF574FA001DD8DB /* JokeViewModel.swift */ = {isa = PBXFileReference; lastKnownFileType = sourcecode.swift; path = JokeViewModel.swift; sourceTree = "<group>"; };
		9AF781E82D17900800E9AEAB /* FavoritesView.swift */ = {isa = PBXFileReference; lastKnownFileType = sourcecode.swift; path = FavoritesView.swift; sourceTree = "<group>"; };
/* End PBXFileReference section */

/* Begin PBXFrameworksBuildPhase section */
		9A0D91932BF56FC3001DD8DB /* Frameworks */ = {
			isa = PBXFrameworksBuildPhase;
			buildActionMask = 2147483647;
			files = (
			);
			runOnlyForDeploymentPostprocessing = 0;
		};
		9A0D91A32BF56FC6001DD8DB /* Frameworks */ = {
			isa = PBXFrameworksBuildPhase;
			buildActionMask = 2147483647;
			files = (
			);
			runOnlyForDeploymentPostprocessing = 0;
		};
		9A0D91AD2BF56FC6001DD8DB /* Frameworks */ = {
			isa = PBXFrameworksBuildPhase;
			buildActionMask = 2147483647;
			files = (
			);
			runOnlyForDeploymentPostprocessing = 0;
		};
/* End PBXFrameworksBuildPhase section */

/* Begin PBXGroup section */
		9A0D918D2BF56FC3001DD8DB = {
			isa = PBXGroup;
			children = (
				9A0D91982BF56FC3001DD8DB /* Jokes */,
				9A0D91972BF56FC3001DD8DB /* Products */,
			);
			sourceTree = "<group>";
		};
		9A0D91972BF56FC3001DD8DB /* Products */ = {
			isa = PBXGroup;
			children = (
				9A0D91962BF56FC3001DD8DB /* Jokes.app */,
				9A0D91A62BF56FC6001DD8DB /* JokesTests.xctest */,
				9A0D91B02BF56FC6001DD8DB /* JokesUITests.xctest */,
			);
			name = Products;
			sourceTree = "<group>";
		};
		9A0D91982BF56FC3001DD8DB /* Jokes */ = {
			isa = PBXGroup;
			children = (
				9A0D91C32BF5701E001DD8DB /* Info.plist */,
				9A0D91992BF56FC3001DD8DB /* JokesApp.swift */,
				9A0D91C42BF57398001DD8DB /* Joke.swift */,
				9A0D91C62BF574FA001DD8DB /* JokeViewModel.swift */,
				9A0D919B2BF56FC3001DD8DB /* ContentView.swift */,
				9AF781E82D17900800E9AEAB /* FavoritesView.swift */,
				9A0D919D2BF56FC5001DD8DB /* Assets.xcassets */,
				9A0D919F2BF56FC5001DD8DB /* Preview Content */,
			);
			path = Jokes;
			sourceTree = "<group>";
		};
		9A0D919F2BF56FC5001DD8DB /* Preview Content */ = {
			isa = PBXGroup;
			children = (
				9A0D91A02BF56FC5001DD8DB /* Preview Assets.xcassets */,
			);
			path = "Preview Content";
			sourceTree = "<group>";
		};
/* End PBXGroup section */

/* Begin PBXNativeTarget section */
		9A0D91952BF56FC3001DD8DB /* Jokes */ = {
			isa = PBXNativeTarget;
			buildConfigurationList = 9A0D91BA2BF56FC6001DD8DB /* Build configuration list for PBXNativeTarget "Jokes" */;
			buildPhases = (
				9A0D91922BF56FC3001DD8DB /* Sources */,
				9A0D91932BF56FC3001DD8DB /* Frameworks */,
				9A0D91942BF56FC3001DD8DB /* Resources */,
			);
			buildRules = (
			);
			dependencies = (
			);
			name = Jokes;
			productName = Jokes;
			productReference = 9A0D91962BF56FC3001DD8DB /* Jokes.app */;
			productType = "com.apple.product-type.application";
		};
		9A0D91A52BF56FC6001DD8DB /* JokesTests */ = {
			isa = PBXNativeTarget;
			buildConfigurationList = 9A0D91BD2BF56FC6001DD8DB /* Build configuration list for PBXNativeTarget "JokesTests" */;
			buildPhases = (
				9A0D91A22BF56FC6001DD8DB /* Sources */,
				9A0D91A32BF56FC6001DD8DB /* Frameworks */,
				9A0D91A42BF56FC6001DD8DB /* Resources */,
			);
			buildRules = (
			);
			dependencies = (
				9A0D91A82BF56FC6001DD8DB /* PBXTargetDependency */,
			);
			name = JokesTests;
			productName = JokesTests;
			productReference = 9A0D91A62BF56FC6001DD8DB /* JokesTests.xctest */;
			productType = "com.apple.product-type.bundle.unit-test";
		};
		9A0D91AF2BF56FC6001DD8DB /* JokesUITests */ = {
			isa = PBXNativeTarget;
			buildConfigurationList = 9A0D91C02BF56FC6001DD8DB /* Build configuration list for PBXNativeTarget "JokesUITests" */;
			buildPhases = (
				9A0D91AC2BF56FC6001DD8DB /* Sources */,
				9A0D91AD2BF56FC6001DD8DB /* Frameworks */,
				9A0D91AE2BF56FC6001DD8DB /* Resources */,
			);
			buildRules = (
			);
			dependencies = (
				9A0D91B22BF56FC6001DD8DB /* PBXTargetDependency */,
			);
			name = JokesUITests;
			productName = JokesUITests;
			productReference = 9A0D91B02BF56FC6001DD8DB /* JokesUITests.xctest */;
			productType = "com.apple.product-type.bundle.ui-testing";
		};
/* End PBXNativeTarget section */

/* Begin PBXProject section */
		9A0D918E2BF56FC3001DD8DB /* Project object */ = {
			isa = PBXProject;
			attributes = {
				BuildIndependentTargetsInParallel = 1;
				LastSwiftUpdateCheck = 1530;
				LastUpgradeCheck = 1600;
				TargetAttributes = {
					9A0D91952BF56FC3001DD8DB = {
						CreatedOnToolsVersion = 15.3;
					};
					9A0D91A52BF56FC6001DD8DB = {
						CreatedOnToolsVersion = 15.3;
						TestTargetID = 9A0D91952BF56FC3001DD8DB;
					};
					9A0D91AF2BF56FC6001DD8DB = {
						CreatedOnToolsVersion = 15.3;
						TestTargetID = 9A0D91952BF56FC3001DD8DB;
					};
				};
			};
			buildConfigurationList = 9A0D91912BF56FC3001DD8DB /* Build configuration list for PBXProject "Jokes" */;
			compatibilityVersion = "Xcode 14.0";
			developmentRegion = en;
			hasScannedForEncodings = 0;
			knownRegions = (
				en,
				Base,
			);
			mainGroup = 9A0D918D2BF56FC3001DD8DB;
			productRefGroup = 9A0D91972BF56FC3001DD8DB /* Products */;
			projectDirPath = "";
			projectRoot = "";
			targets = (
				9A0D91952BF56FC3001DD8DB /* Jokes */,
				9A0D91A52BF56FC6001DD8DB /* JokesTests */,
				9A0D91AF2BF56FC6001DD8DB /* JokesUITests */,
			);
		};
/* End PBXProject section */

/* Begin PBXResourcesBuildPhase section */
		9A0D91942BF56FC3001DD8DB /* Resources */ = {
			isa = PBXResourcesBuildPhase;
			buildActionMask = 2147483647;
			files = (
				9A0D91A12BF56FC5001DD8DB /* Preview Assets.xcassets in Resources */,
				9A0D919E2BF56FC5001DD8DB /* Assets.xcassets in Resources */,
			);
			runOnlyForDeploymentPostprocessing = 0;
		};
		9A0D91A42BF56FC6001DD8DB /* Resources */ = {
			isa = PBXResourcesBuildPhase;
			buildActionMask = 2147483647;
			files = (
			);
			runOnlyForDeploymentPostprocessing = 0;
		};
		9A0D91AE2BF56FC6001DD8DB /* Resources */ = {
			isa = PBXResourcesBuildPhase;
			buildActionMask = 2147483647;
			files = (
			);
			runOnlyForDeploymentPostprocessing = 0;
		};
/* End PBXResourcesBuildPhase section */

/* Begin PBXSourcesBuildPhase section */
		9A0D91922BF56FC3001DD8DB /* Sources */ = {
			isa = PBXSourcesBuildPhase;
			buildActionMask = 2147483647;
			files = (
				9AF781E92D17900F00E9AEAB /* FavoritesView.swift in Sources */,
				9A0D919C2BF56FC3001DD8DB /* ContentView.swift in Sources */,
				9A0D919A2BF56FC3001DD8DB /* JokesApp.swift in Sources */,
				9A0D91C52BF57398001DD8DB /* Joke.swift in Sources */,
				9A0D91C72BF574FA001DD8DB /* JokeViewModel.swift in Sources */,
			);
			runOnlyForDeploymentPostprocessing = 0;
		};
		9A0D91A22BF56FC6001DD8DB /* Sources */ = {
			isa = PBXSourcesBuildPhase;
			buildActionMask = 2147483647;
			files = (
			);
			runOnlyForDeploymentPostprocessing = 0;
		};
		9A0D91AC2BF56FC6001DD8DB /* Sources */ = {
			isa = PBXSourcesBuildPhase;
			buildActionMask = 2147483647;
			files = (
			);
			runOnlyForDeploymentPostprocessing = 0;
		};
/* End PBXSourcesBuildPhase section */

/* Begin PBXTargetDependency section */
		9A0D91A82BF56FC6001DD8DB /* PBXTargetDependency */ = {
			isa = PBXTargetDependency;
			target = 9A0D91952BF56FC3001DD8DB /* Jokes */;
			targetProxy = 9A0D91A72BF56FC6001DD8DB /* PBXContainerItemProxy */;
		};
		9A0D91B22BF56FC6001DD8DB /* PBXTargetDependency */ = {
			isa = PBXTargetDependency;
			target = 9A0D91952BF56FC3001DD8DB /* Jokes */;
			targetProxy = 9A0D91B12BF56FC6001DD8DB /* PBXContainerItemProxy */;
		};
/* End PBXTargetDependency section */

/* Begin XCBuildConfiguration section */
		9A0D91B82BF56FC6001DD8DB /* Debug */ = {
			isa = XCBuildConfiguration;
			buildSettings = {
				ALWAYS_SEARCH_USER_PATHS = NO;
				ASSETCATALOG_COMPILER_GENERATE_SWIFT_ASSET_SYMBOL_EXTENSIONS = YES;
				CLANG_ANALYZER_NONNULL = YES;
				CLANG_ANALYZER_NUMBER_OBJECT_CONVERSION = YES_AGGRESSIVE;
				CLANG_CXX_LANGUAGE_STANDARD = "gnu++20";
				CLANG_ENABLE_MODULES = YES;
				CLANG_ENABLE_OBJC_ARC = YES;
				CLANG_ENABLE_OBJC_WEAK = YES;
				CLANG_WARN_BLOCK_CAPTURE_AUTORELEASING = YES;
				CLANG_WARN_BOOL_CONVERSION = YES;
				CLANG_WARN_COMMA = YES;
				CLANG_WARN_CONSTANT_CONVERSION = YES;
				CLANG_WARN_DEPRECATED_OBJC_IMPLEMENTATIONS = YES;
				CLANG_WARN_DIRECT_OBJC_ISA_USAGE = YES_ERROR;
				CLANG_WARN_DOCUMENTATION_COMMENTS = YES;
				CLANG_WARN_EMPTY_BODY = YES;
				CLANG_WARN_ENUM_CONVERSION = YES;
				CLANG_WARN_INFINITE_RECURSION = YES;
				CLANG_WARN_INT_CONVERSION = YES;
				CLANG_WARN_NON_LITERAL_NULL_CONVERSION = YES;
				CLANG_WARN_OBJC_IMPLICIT_RETAIN_SELF = YES;
				CLANG_WARN_OBJC_LITERAL_CONVERSION = YES;
				CLANG_WARN_OBJC_ROOT_CLASS = YES_ERROR;
				CLANG_WARN_QUOTED_INCLUDE_IN_FRAMEWORK_HEADER = YES;
				CLANG_WARN_RANGE_LOOP_ANALYSIS = YES;
				CLANG_WARN_STRICT_PROTOTYPES = YES;
				CLANG_WARN_SUSPICIOUS_MOVE = YES;
				CLANG_WARN_UNGUARDED_AVAILABILITY = YES_AGGRESSIVE;
				CLANG_WARN_UNREACHABLE_CODE = YES;
				CLANG_WARN__DUPLICATE_METHOD_MATCH = YES;
				COPY_PHASE_STRIP = NO;
				DEBUG_INFORMATION_FORMAT = dwarf;
				ENABLE_STRICT_OBJC_MSGSEND = YES;
				ENABLE_TESTABILITY = YES;
				ENABLE_USER_SCRIPT_SANDBOXING = YES;
				GCC_C_LANGUAGE_STANDARD = gnu17;
				GCC_DYNAMIC_NO_PIC = NO;
				GCC_NO_COMMON_BLOCKS = YES;
				GCC_OPTIMIZATION_LEVEL = 0;
				GCC_PREPROCESSOR_DEFINITIONS = (
					"DEBUG=1",
					"$(inherited)",
				);
				GCC_WARN_64_TO_32_BIT_CONVERSION = YES;
				GCC_WARN_ABOUT_RETURN_TYPE = YES_ERROR;
				GCC_WARN_UNDECLARED_SELECTOR = YES;
				GCC_WARN_UNINITIALIZED_AUTOS = YES_AGGRESSIVE;
				GCC_WARN_UNUSED_FUNCTION = YES;
				GCC_WARN_UNUSED_VARIABLE = YES;
				IPHONEOS_DEPLOYMENT_TARGET = 17.4;
				LOCALIZATION_PREFERS_STRING_CATALOGS = YES;
				MTL_ENABLE_DEBUG_INFO = INCLUDE_SOURCE;
				MTL_FAST_MATH = YES;
				ONLY_ACTIVE_ARCH = YES;
				SDKROOT = iphoneos;
				SWIFT_ACTIVE_COMPILATION_CONDITIONS = "DEBUG $(inherited)";
				SWIFT_OPTIMIZATION_LEVEL = "-Onone";
			};
			name = Debug;
		};
		9A0D91B92BF56FC6001DD8DB /* Release */ = {
			isa = XCBuildConfiguration;
			buildSettings = {
				ALWAYS_SEARCH_USER_PATHS = NO;
				ASSETCATALOG_COMPILER_GENERATE_SWIFT_ASSET_SYMBOL_EXTENSIONS = YES;
				CLANG_ANALYZER_NONNULL = YES;
				CLANG_ANALYZER_NUMBER_OBJECT_CONVERSION = YES_AGGRESSIVE;
				CLANG_CXX_LANGUAGE_STANDARD = "gnu++20";
				CLANG_ENABLE_MODULES = YES;
				CLANG_ENABLE_OBJC_ARC = YES;
				CLANG_ENABLE_OBJC_WEAK = YES;
				CLANG_WARN_BLOCK_CAPTURE_AUTORELEASING = YES;
				CLANG_WARN_BOOL_CONVERSION = YES;
				CLANG_WARN_COMMA = YES;
				CLANG_WARN_CONSTANT_CONVERSION = YES;
				CLANG_WARN_DEPRECATED_OBJC_IMPLEMENTATIONS = YES;
				CLANG_WARN_DIRECT_OBJC_ISA_USAGE = YES_ERROR;
				CLANG_WARN_DOCUMENTATION_COMMENTS = YES;
				CLANG_WARN_EMPTY_BODY = YES;
				CLANG_WARN_ENUM_CONVERSION = YES;
				CLANG_WARN_INFINITE_RECURSION = YES;
				CLANG_WARN_INT_CONVERSION = YES;
				CLANG_WARN_NON_LITERAL_NULL_CONVERSION = YES;
				CLANG_WARN_OBJC_IMPLICIT_RETAIN_SELF = YES;
				CLANG_WARN_OBJC_LITERAL_CONVERSION = YES;
				CLANG_WARN_OBJC_ROOT_CLASS = YES_ERROR;
				CLANG_WARN_QUOTED_INCLUDE_IN_FRAMEWORK_HEADER = YES;
				CLANG_WARN_RANGE_LOOP_ANALYSIS = YES;
				CLANG_WARN_STRICT_PROTOTYPES = YES;
				CLANG_WARN_SUSPICIOUS_MOVE = YES;
				CLANG_WARN_UNGUARDED_AVAILABILITY = YES_AGGRESSIVE;
				CLANG_WARN_UNREACHABLE_CODE = YES;
				CLANG_WARN__DUPLICATE_METHOD_MATCH = YES;
				COPY_PHASE_STRIP = NO;
				DEBUG_INFORMATION_FORMAT = "dwarf-with-dsym";
				ENABLE_NS_ASSERTIONS = NO;
				ENABLE_STRICT_OBJC_MSGSEND = YES;
				ENABLE_USER_SCRIPT_SANDBOXING = YES;
				GCC_C_LANGUAGE_STANDARD = gnu17;
				GCC_NO_COMMON_BLOCKS = YES;
				GCC_WARN_64_TO_32_BIT_CONVERSION = YES;
				GCC_WARN_ABOUT_RETURN_TYPE = YES_ERROR;
				GCC_WARN_UNDECLARED_SELECTOR = YES;
				GCC_WARN_UNINITIALIZED_AUTOS = YES_AGGRESSIVE;
				GCC_WARN_UNUSED_FUNCTION = YES;
				GCC_WARN_UNUSED_VARIABLE = YES;
				IPHONEOS_DEPLOYMENT_TARGET = 17.4;
				LOCALIZATION_PREFERS_STRING_CATALOGS = YES;
				MTL_ENABLE_DEBUG_INFO = NO;
				MTL_FAST_MATH = YES;
				SDKROOT = iphoneos;
				SWIFT_COMPILATION_MODE = wholemodule;
				VALIDATE_PRODUCT = YES;
			};
			name = Release;
		};
		9A0D91BB2BF56FC6001DD8DB /* Debug */ = {
			isa = XCBuildConfiguration;
			buildSettings = {
				ASSETCATALOG_COMPILER_APPICON_NAME = AppIcon;
				ASSETCATALOG_COMPILER_GLOBAL_ACCENT_COLOR_NAME = AccentColor;
				"CODE_SIGN_IDENTITY[sdk=iphoneos*]" = "iPhone Distribution";
				CODE_SIGN_STYLE = Manual;
				CURRENT_PROJECT_VERSION = 1;
				DEVELOPMENT_ASSET_PATHS = "\"Jokes/Preview Content\"";
				DEVELOPMENT_TEAM = "";
				"DEVELOPMENT_TEAM[sdk=iphoneos*]" = P9Z5QB8965;
				ENABLE_PREVIEWS = YES;
				GENERATE_INFOPLIST_FILE = YES;
				INFOPLIST_FILE = Jokes/Info.plist;
				INFOPLIST_KEY_UIApplicationSceneManifest_Generation = YES;
				INFOPLIST_KEY_UIApplicationSupportsIndirectInputEvents = YES;
				INFOPLIST_KEY_UISupportedInterfaceOrientations_iPad = "UIInterfaceOrientationPortrait UIInterfaceOrientationPortraitUpsideDown UIInterfaceOrientationLandscapeLeft UIInterfaceOrientationLandscapeRight";
				INFOPLIST_KEY_UISupportedInterfaceOrientations_iPhone = "UIInterfaceOrientationPortrait UIInterfaceOrientationLandscapeLeft UIInterfaceOrientationLandscapeRight";
				LD_RUNPATH_SEARCH_PATHS = (
					"$(inherited)",
					"@executable_path/Frameworks",
				);
				MARKETING_VERSION = 1.2;
				PRODUCT_BUNDLE_IDENTIFIER = beta.Jokes;
				PRODUCT_NAME = "$(TARGET_NAME)";
				PROVISIONING_PROFILE_SPECIFIER = "";
				"PROVISIONING_PROFILE_SPECIFIER[sdk=iphoneos*]" = beta.jokes;
				SWIFT_EMIT_LOC_STRINGS = YES;
				SWIFT_VERSION = 5.0;
				TARGETED_DEVICE_FAMILY = "1,2";
			};
			name = Debug;
		};
		9A0D91BC2BF56FC6001DD8DB /* Release */ = {
			isa = XCBuildConfiguration;
			buildSettings = {
				ASSETCATALOG_COMPILER_APPICON_NAME = AppIcon;
				ASSETCATALOG_COMPILER_GLOBAL_ACCENT_COLOR_NAME = AccentColor;
				"CODE_SIGN_IDENTITY[sdk=iphoneos*]" = "iPhone Distribution";
				CODE_SIGN_STYLE = Manual;
				CURRENT_PROJECT_VERSION = 1;
				DEVELOPMENT_ASSET_PATHS = "\"Jokes/Preview Content\"";
				DEVELOPMENT_TEAM = "";
				"DEVELOPMENT_TEAM[sdk=iphoneos*]" = P9Z5QB8965;
				ENABLE_PREVIEWS = YES;
				GENERATE_INFOPLIST_FILE = YES;
				INFOPLIST_FILE = Jokes/Info.plist;
				INFOPLIST_KEY_UIApplicationSceneManifest_Generation = YES;
				INFOPLIST_KEY_UIApplicationSupportsIndirectInputEvents = YES;
				INFOPLIST_KEY_UISupportedInterfaceOrientations_iPad = "UIInterfaceOrientationPortrait UIInterfaceOrientationPortraitUpsideDown UIInterfaceOrientationLandscapeLeft UIInterfaceOrientationLandscapeRight";
				INFOPLIST_KEY_UISupportedInterfaceOrientations_iPhone = "UIInterfaceOrientationPortrait UIInterfaceOrientationLandscapeLeft UIInterfaceOrientationLandscapeRight";
				LD_RUNPATH_SEARCH_PATHS = (
					"$(inherited)",
					"@executable_path/Frameworks",
				);
				MARKETING_VERSION = 1.2;
				PRODUCT_BUNDLE_IDENTIFIER = beta.Jokes;
				PRODUCT_NAME = "$(TARGET_NAME)";
				PROVISIONING_PROFILE_SPECIFIER = "";
				"PROVISIONING_PROFILE_SPECIFIER[sdk=iphoneos*]" = beta.jokes;
				SWIFT_EMIT_LOC_STRINGS = YES;
				SWIFT_VERSION = 5.0;
				TARGETED_DEVICE_FAMILY = "1,2";
			};
			name = Release;
		};
		9A0D91BE2BF56FC6001DD8DB /* Debug */ = {
			isa = XCBuildConfiguration;
			buildSettings = {
				BUNDLE_LOADER = "$(TEST_HOST)";
				CODE_SIGN_IDENTITY = "Apple Development";
				CODE_SIGN_STYLE = Automatic;
				CURRENT_PROJECT_VERSION = 1;
				DEVELOPMENT_TEAM = P9Z5QB8965;
				GENERATE_INFOPLIST_FILE = YES;
				IPHONEOS_DEPLOYMENT_TARGET = 17.4;
				MARKETING_VERSION = 1.0;
				PRODUCT_BUNDLE_IDENTIFIER = beta.JokesTests;
				PRODUCT_NAME = "$(TARGET_NAME)";
				PROVISIONING_PROFILE_SPECIFIER = "";
				SWIFT_EMIT_LOC_STRINGS = NO;
				SWIFT_VERSION = 5.0;
				TARGETED_DEVICE_FAMILY = "1,2";
				TEST_HOST = "$(BUILT_PRODUCTS_DIR)/Jokes.app/$(BUNDLE_EXECUTABLE_FOLDER_PATH)/Jokes";
			};
			name = Debug;
		};
		9A0D91BF2BF56FC6001DD8DB /* Release */ = {
			isa = XCBuildConfiguration;
			buildSettings = {
				BUNDLE_LOADER = "$(TEST_HOST)";
				CODE_SIGN_IDENTITY = "Apple Development";
				CODE_SIGN_STYLE = Automatic;
				CURRENT_PROJECT_VERSION = 1;
				DEVELOPMENT_TEAM = P9Z5QB8965;
				GENERATE_INFOPLIST_FILE = YES;
				IPHONEOS_DEPLOYMENT_TARGET = 17.4;
				MARKETING_VERSION = 1.0;
				PRODUCT_BUNDLE_IDENTIFIER = beta.JokesTests;
				PRODUCT_NAME = "$(TARGET_NAME)";
				PROVISIONING_PROFILE_SPECIFIER = "";
				SWIFT_EMIT_LOC_STRINGS = NO;
				SWIFT_VERSION = 5.0;
				TARGETED_DEVICE_FAMILY = "1,2";
				TEST_HOST = "$(BUILT_PRODUCTS_DIR)/Jokes.app/$(BUNDLE_EXECUTABLE_FOLDER_PATH)/Jokes";
			};
			name = Release;
		};
		9A0D91C12BF56FC6001DD8DB /* Debug */ = {
			isa = XCBuildConfiguration;
			buildSettings = {
				CODE_SIGN_STYLE = Automatic;
				CURRENT_PROJECT_VERSION = 1;
				DEVELOPMENT_TEAM = P9Z5QB8965;
				GENERATE_INFOPLIST_FILE = YES;
				MARKETING_VERSION = 1.0;
				PRODUCT_BUNDLE_IDENTIFIER = beta.JokesUITests;
				PRODUCT_NAME = "$(TARGET_NAME)";
				SWIFT_EMIT_LOC_STRINGS = NO;
				SWIFT_VERSION = 5.0;
				TARGETED_DEVICE_FAMILY = "1,2";
				TEST_TARGET_NAME = Jokes;
			};
			name = Debug;
		};
		9A0D91C22BF56FC6001DD8DB /* Release */ = {
			isa = XCBuildConfiguration;
			buildSettings = {
				CODE_SIGN_STYLE = Automatic;
				CURRENT_PROJECT_VERSION = 1;
				DEVELOPMENT_TEAM = P9Z5QB8965;
				GENERATE_INFOPLIST_FILE = YES;
				MARKETING_VERSION = 1.0;
				PRODUCT_BUNDLE_IDENTIFIER = beta.JokesUITests;
				PRODUCT_NAME = "$(TARGET_NAME)";
				SWIFT_EMIT_LOC_STRINGS = NO;
				SWIFT_VERSION = 5.0;
				TARGETED_DEVICE_FAMILY = "1,2";
				TEST_TARGET_NAME = Jokes;
			};
			name = Release;
		};
/* End XCBuildConfiguration section */

/* Begin XCConfigurationList section */
		9A0D91912BF56FC3001DD8DB /* Build configuration list for PBXProject "Jokes" */ = {
			isa = XCConfigurationList;
			buildConfigurations = (
				9A0D91B82BF56FC6001DD8DB /* Debug */,
				9A0D91B92BF56FC6001DD8DB /* Release */,
			);
			defaultConfigurationIsVisible = 0;
			defaultConfigurationName = Release;
		};
		9A0D91BA2BF56FC6001DD8DB /* Build configuration list for PBXNativeTarget "Jokes" */ = {
			isa = XCConfigurationList;
			buildConfigurations = (
				9A0D91BB2BF56FC6001DD8DB /* Debug */,
				9A0D91BC2BF56FC6001DD8DB /* Release */,
			);
			defaultConfigurationIsVisible = 0;
			defaultConfigurationName = Release;
		};
		9A0D91BD2BF56FC6001DD8DB /* Build configuration list for PBXNativeTarget "JokesTests" */ = {
			isa = XCConfigurationList;
			buildConfigurations = (
				9A0D91BE2BF56FC6001DD8DB /* Debug */,
				9A0D91BF2BF56FC6001DD8DB /* Release */,
			);
			defaultConfigurationIsVisible = 0;
			defaultConfigurationName = Release;
		};
		9A0D91C02BF56FC6001DD8DB /* Build configuration list for PBXNativeTarget "JokesUITests" */ = {
			isa = XCConfigurationList;
			buildConfigurations = (
				9A0D91C12BF56FC6001DD8DB /* Debug */,
				9A0D91C22BF56FC6001DD8DB /* Release */,
			);
			defaultConfigurationIsVisible = 0;
			defaultConfigurationName = Release;
		};
/* End XCConfigurationList section */
	};
	rootObject = 9A0D918E2BF56FC3001DD8DB /* Project object */;
}
